
Microsoft Visual Studio Solution File, Format Version 12.00
# Visual Studio 2013
VisualStudioVersion = 12.0.30723.0
MinimumVisualStudioVersion = 10.0.40219.1
Project("{FAE04EC0-301F-11D3-BF4B-00C04F79EFBC}") = "DentalPlaceAccessControl", "DentalPlaceCustomerControl\DentalPlaceAccessControl.csproj", "{B1F71D53-BA34-4E58-B67A-76E82F5A28DC}"
EndProject
Project("{FAE04EC0-301F-11D3-BF4B-00C04F79EFBC}") = "DentalPlace.Core", "DentalPlaceCustomerControl.Core\DentalPlace.Core.csproj", "{3FF2F459-201F-4F80-9970-AACDE8881043}"
EndProject
Project("{FAE04EC0-301F-11D3-BF4B-00C04F79EFBC}") = "DentalPlace.SystemStyles", "DentalPlaceCustomerControl.SystemStyles\DentalPlace.SystemStyles.csproj", "{ECDC147D-E893-428A-9DAE-995CBACD5310}"
EndProject
Project("{FAE04EC0-301F-11D3-BF4B-00C04F79EFBC}") = "dragonz.actb", "dragonz.actb\dragonz.actb.csproj", "{89BC47C7-F14D-46C5-8B9B-0DB90CE2AC42}"
EndProject
Project("{930C7802-8A8C-48F9-8165-68863BCCD9DD}") = "DentalPlaceInstaller", "DentalPlaceInstaller\DentalPlaceInstaller.wixproj", "{8472627F-BD4E-4D2E-9EF2-CE54A482858A}"
EndProject
Project("{930C7802-8A8C-48F9-8165-68863BCCD9DD}") = "DentalPlaceInstaller.Files", "DentalPlaceInstaller.Files\DentalPlaceInstaller.Files.wixproj", "{F3D0EA17-CB88-4987-9B9C-97789CB8E7BA}"
EndProject
Global
	GlobalSection(SolutionConfigurationPlatforms) = preSolution
		Debug|Any CPU = Debug|Any CPU
		Debug|Mixed Platforms = Debug|Mixed Platforms
		Debug|x86 = Debug|x86
		Release|Any CPU = Release|Any CPU
		Release|Mixed Platforms = Release|Mixed Platforms
		Release|x86 = Release|x86
	EndGlobalSection
	GlobalSection(ProjectConfigurationPlatforms) = postSolution
		{B1F71D53-BA34-4E58-B67A-76E82F5A28DC}.Debug|Any CPU.ActiveCfg = Debug|Any CPU
		{B1F71D53-BA34-4E58-B67A-76E82F5A28DC}.Debug|Any CPU.Build.0 = Debug|Any CPU
		{B1F71D53-BA34-4E58-B67A-76E82F5A28DC}.Debug|Mixed Platforms.ActiveCfg = Debug|Any CPU
		{B1F71D53-BA34-4E58-B67A-76E82F5A28DC}.Debug|Mixed Platforms.Build.0 = Debug|Any CPU
		{B1F71D53-BA34-4E58-B67A-76E82F5A28DC}.Debug|x86.ActiveCfg = Debug|Any CPU
		{B1F71D53-BA34-4E58-B67A-76E82F5A28DC}.Release|Any CPU.ActiveCfg = Release|Any CPU
		{B1F71D53-BA34-4E58-B67A-76E82F5A28DC}.Release|Any CPU.Build.0 = Release|Any CPU
		{B1F71D53-BA34-4E58-B67A-76E82F5A28DC}.Release|Mixed Platforms.ActiveCfg = Release|Any CPU
		{B1F71D53-BA34-4E58-B67A-76E82F5A28DC}.Release|Mixed Platforms.Build.0 = Release|Any CPU
		{B1F71D53-BA34-4E58-B67A-76E82F5A28DC}.Release|x86.ActiveCfg = Release|Any CPU
		{3FF2F459-201F-4F80-9970-AACDE8881043}.Debug|Any CPU.ActiveCfg = Debug|Any CPU
		{3FF2F459-201F-4F80-9970-AACDE8881043}.Debug|Any CPU.Build.0 = Debug|Any CPU
		{3FF2F459-201F-4F80-9970-AACDE8881043}.Debug|Mixed Platforms.ActiveCfg = Debug|Any CPU
		{3FF2F459-201F-4F80-9970-AACDE8881043}.Debug|Mixed Platforms.Build.0 = Debug|Any CPU
		{3FF2F459-201F-4F80-9970-AACDE8881043}.Debug|x86.ActiveCfg = Debug|Any CPU
		{3FF2F459-201F-4F80-9970-AACDE8881043}.Release|Any CPU.ActiveCfg = Release|Any CPU
		{3FF2F459-201F-4F80-9970-AACDE8881043}.Release|Any CPU.Build.0 = Release|Any CPU
		{3FF2F459-201F-4F80-9970-AACDE8881043}.Release|Mixed Platforms.ActiveCfg = Release|Any CPU
		{3FF2F459-201F-4F80-9970-AACDE8881043}.Release|Mixed Platforms.Build.0 = Release|Any CPU
		{3FF2F459-201F-4F80-9970-AACDE8881043}.Release|x86.ActiveCfg = Release|Any CPU
		{ECDC147D-E893-428A-9DAE-995CBACD5310}.Debug|Any CPU.ActiveCfg = Debug|Any CPU
		{ECDC147D-E893-428A-9DAE-995CBACD5310}.Debug|Any CPU.Build.0 = Debug|Any CPU
		{ECDC147D-E893-428A-9DAE-995CBACD5310}.Debug|Mixed Platforms.ActiveCfg = Debug|Any CPU
		{ECDC147D-E893-428A-9DAE-995CBACD5310}.Debug|Mixed Platforms.Build.0 = Debug|Any CPU
		{ECDC147D-E893-428A-9DAE-995CBACD5310}.Debug|x86.ActiveCfg = Debug|Any CPU
		{ECDC147D-E893-428A-9DAE-995CBACD5310}.Release|Any CPU.ActiveCfg = Release|Any CPU
		{ECDC147D-E893-428A-9DAE-995CBACD5310}.Release|Any CPU.Build.0 = Release|Any CPU
		{ECDC147D-E893-428A-9DAE-995CBACD5310}.Release|Mixed Platforms.ActiveCfg = Release|Any CPU
		{ECDC147D-E893-428A-9DAE-995CBACD5310}.Release|Mixed Platforms.Build.0 = Release|Any CPU
		{ECDC147D-E893-428A-9DAE-995CBACD5310}.Release|x86.ActiveCfg = Release|Any CPU
		{89BC47C7-F14D-46C5-8B9B-0DB90CE2AC42}.Debug|Any CPU.ActiveCfg = Debug|Any CPU
		{89BC47C7-F14D-46C5-8B9B-0DB90CE2AC42}.Debug|Any CPU.Build.0 = Debug|Any CPU
		{89BC47C7-F14D-46C5-8B9B-0DB90CE2AC42}.Debug|Mixed Platforms.ActiveCfg = Debug|Any CPU
		{89BC47C7-F14D-46C5-8B9B-0DB90CE2AC42}.Debug|Mixed Platforms.Build.0 = Debug|Any CPU
		{89BC47C7-F14D-46C5-8B9B-0DB90CE2AC42}.Debug|x86.ActiveCfg = Debug|Any CPU
		{89BC47C7-F14D-46C5-8B9B-0DB90CE2AC42}.Release|Any CPU.ActiveCfg = Release|Any CPU
		{89BC47C7-F14D-46C5-8B9B-0DB90CE2AC42}.Release|Any CPU.Build.0 = Release|Any CPU
		{89BC47C7-F14D-46C5-8B9B-0DB90CE2AC42}.Release|Mixed Platforms.ActiveCfg = Release|Any CPU
		{89BC47C7-F14D-46C5-8B9B-0DB90CE2AC42}.Release|Mixed Platforms.Build.0 = Release|Any CPU
		{89BC47C7-F14D-46C5-8B9B-0DB90CE2AC42}.Release|x86.ActiveCfg = Release|Any CPU
		{8472627F-BD4E-4D2E-9EF2-CE54A482858A}.Debug|Any CPU.ActiveCfg = Debug|x86
		{8472627F-BD4E-4D2E-9EF2-CE54A482858A}.Debug|Mixed Platforms.ActiveCfg = Debug|x86
		{8472627F-BD4E-4D2E-9EF2-CE54A482858A}.Debug|Mixed Platforms.Build.0 = Debug|x86
		{8472627F-BD4E-4D2E-9EF2-CE54A482858A}.Debug|x86.ActiveCfg = Debug|x86
		{8472627F-BD4E-4D2E-9EF2-CE54A482858A}.Debug|x86.Build.0 = Debug|x86
		{8472627F-BD4E-4D2E-9EF2-CE54A482858A}.Release|Any CPU.ActiveCfg = Release|x86
		{8472627F-BD4E-4D2E-9EF2-CE54A482858A}.Release|Mixed Platforms.ActiveCfg = Release|x86
		{8472627F-BD4E-4D2E-9EF2-CE54A482858A}.Release|Mixed Platforms.Build.0 = Release|x86
		{8472627F-BD4E-4D2E-9EF2-CE54A482858A}.Release|x86.ActiveCfg = Release|x86
		{8472627F-BD4E-4D2E-9EF2-CE54A482858A}.Release|x86.Build.0 = Release|x86
		{F3D0EA17-CB88-4987-9B9C-97789CB8E7BA}.Debug|Any CPU.ActiveCfg = Debug|x86
		{F3D0EA17-CB88-4987-9B9C-97789CB8E7BA}.Debug|Mixed Platforms.ActiveCfg = Debug|x86
		{F3D0EA17-CB88-4987-9B9C-97789CB8E7BA}.Debug|Mixed Platforms.Build.0 = Debug|x86
		{F3D0EA17-CB88-4987-9B9C-97789CB8E7BA}.Debug|x86.ActiveCfg = Debug|x86
		{F3D0EA17-CB88-4987-9B9C-97789CB8E7BA}.Debug|x86.Build.0 = Debug|x86
		{F3D0EA17-CB88-4987-9B9C-97789CB8E7BA}.Release|Any CPU.ActiveCfg = Release|x86
		{F3D0EA17-CB88-4987-9B9C-97789CB8E7BA}.Release|Mixed Platforms.ActiveCfg = Release|x86
		{F3D0EA17-CB88-4987-9B9C-97789CB8E7BA}.Release|Mixed Platforms.Build.0 = Release|x86
		{F3D0EA17-CB88-4987-9B9C-97789CB8E7BA}.Release|x86.ActiveCfg = Release|x86
		{F3D0EA17-CB88-4987-9B9C-97789CB8E7BA}.Release|x86.Build.0 = Release|x86
	EndGlobalSection
	GlobalSection(SolutionProperties) = preSolution
		HideSolutionNode = FALSE
	EndGlobalSection
EndGlobal
